
Microsoft Visual Studio Solution File, Format Version 12.00
# Visual Studio Version 16
VisualStudioVersion = 16.0.31424.327
MinimumVisualStudioVersion = 10.0.40219.1
Project("{2150E333-8FDC-42A3-9474-1A3956D46DE8}") = "Services", "Services", "{DB771D01-E2BD-4A5D-B482-3CA16172A923}"
EndProject
Project("{2150E333-8FDC-42A3-9474-1A3956D46DE8}") = "Catalog", "Catalog", "{FF46106A-946E-4691-AE16-B8B15E43F4EF}"
EndProject
Project("{9A19103F-16F7-4668-BE54-9A1E7A4F7556}") = "FreeCourse.Services.Catalog", "Services\Catalog\FreeCourse.Services.Catalog\FreeCourse.Services.Catalog.csproj", "{787B1181-59F9-4844-AC39-B6B3310ECF21}"
EndProject
Project("{2150E333-8FDC-42A3-9474-1A3956D46DE8}") = "Solution Items", "Solution Items", "{0EDEB01B-69BE-44BC-B561-0E60A941CFC7}"
	ProjectSection(SolutionItems) = preProject
		Ports.txt = Ports.txt
	EndProjectSection
EndProject
Project("{2150E333-8FDC-42A3-9474-1A3956D46DE8}") = "Shared", "Shared", "{9BEEB69C-2AFD-43EF-A300-5FED76D6CD64}"
EndProject
Project("{9A19103F-16F7-4668-BE54-9A1E7A4F7556}") = "FreeCourse.Shared", "Shared\FreeCourse.Shared\FreeCourse.Shared.csproj", "{9E5EF3A2-404B-425B-9D4C-A29153F498D9}"
EndProject
Project("{2150E333-8FDC-42A3-9474-1A3956D46DE8}") = "IdentityServer", "IdentityServer", "{94703F6B-9713-4004-A322-2BC53E771459}"
EndProject
Project("{9A19103F-16F7-4668-BE54-9A1E7A4F7556}") = "FreeCourse.IdentityServer", "IdentityServer\FreeCourse.IdentityServer\FreeCourse.IdentityServer.csproj", "{C56B734F-7D51-4C7C-8FE8-66D574C35E43}"
EndProject
Project("{2150E333-8FDC-42A3-9474-1A3956D46DE8}") = "PhotoStock", "PhotoStock", "{0F5BF671-C16D-4542-8688-B9BF967F0EB0}"
EndProject
Project("{9A19103F-16F7-4668-BE54-9A1E7A4F7556}") = "FreeCourse.Services.PhotoStock", "Services\PhotoStock\FreeCourse.Services.PhotoStock\FreeCourse.Services.PhotoStock.csproj", "{65F07B52-653A-4CC1-BEA2-2E561531919F}"
EndProject
Project("{2150E333-8FDC-42A3-9474-1A3956D46DE8}") = "Basket", "Basket", "{DC625793-76D4-4BB1-AA9E-C7C860FEA74B}"
EndProject
Project("{9A19103F-16F7-4668-BE54-9A1E7A4F7556}") = "FreeCourse.Services.Basket", "Services\Basket\FreeCourse.Services.Basket\FreeCourse.Services.Basket.csproj", "{3AE674A7-994E-4574-A9A1-DEC486324B8F}"
EndProject
Project("{2150E333-8FDC-42A3-9474-1A3956D46DE8}") = "Discount", "Discount", "{6D4E6FA1-D339-4BC5-96A7-ADD5ECB6828B}"
EndProject
Project("{9A19103F-16F7-4668-BE54-9A1E7A4F7556}") = "FreeCourse.Services.Discount", "Services\Discount\FreeCourse.Services.Discount\FreeCourse.Services.Discount.csproj", "{E93DBC43-D250-447F-8CD2-6415F9E3F46A}"
EndProject
Project("{2150E333-8FDC-42A3-9474-1A3956D46DE8}") = "Order", "Order", "{AC68C80C-7BEB-4A66-8C8D-30984880FAD0}"
EndProject
Project("{9A19103F-16F7-4668-BE54-9A1E7A4F7556}") = "FreeCourse.Services.Order.API", "Services\Order\FreeCourse.Services.Order.API\FreeCourse.Services.Order.API.csproj", "{79219BDF-BDE4-4D35-88BD-87FFD8F06F38}"
EndProject
Project("{9A19103F-16F7-4668-BE54-9A1E7A4F7556}") = "FreeCourse.Services.Order.Application", "Services\Order\FreeCourse.Services.Order.Application\FreeCourse.Services.Order.Application.csproj", "{1EED35B1-C4FA-49A4-9D37-D2B6D20EF195}"
EndProject
Project("{9A19103F-16F7-4668-BE54-9A1E7A4F7556}") = "FreeCourse.Services.Order.Domain", "Services\Order\FreeCourse.Services.Order.Domain\FreeCourse.Services.Order.Domain.csproj", "{81C93EE8-8A0C-4C3A-8DDE-CC1C89D70CA3}"
EndProject
Project("{9A19103F-16F7-4668-BE54-9A1E7A4F7556}") = "FreeCourse.Services.Order.Domain.Core", "Services\Order\FreeCourse.Services.Order.Domain.Core\FreeCourse.Services.Order.Domain.Core.csproj", "{107BFC44-F5E7-48A6-A72D-586F0FBE67F3}"
EndProject
Project("{9A19103F-16F7-4668-BE54-9A1E7A4F7556}") = "FreeCourse.Services.Order.Infrastructure", "Services\Order\FreeCourse.Services.Order.Infrastructure\FreeCourse.Services.Order.Infrastructure.csproj", "{AFF991EC-24C2-4DEB-B5C2-1F0226799A94}"
EndProject
Project("{2150E333-8FDC-42A3-9474-1A3956D46DE8}") = "FakePayment", "FakePayment", "{EAC587AB-0241-41E3-84BC-960572BBD935}"
EndProject
Project("{9A19103F-16F7-4668-BE54-9A1E7A4F7556}") = "FreeCourse.Service.FakePayment", "Services\FakePayment\FreeCourse.Service.FakePayment\FreeCourse.Service.FakePayment.csproj", "{8D3C75A9-7510-452E-AC89-C238410A461A}"
EndProject
Project("{2150E333-8FDC-42A3-9474-1A3956D46DE8}") = "Gateways", "Gateways", "{2448F6D5-70E4-45A0-AECF-705FAC407FAF}"
EndProject
Project("{9A19103F-16F7-4668-BE54-9A1E7A4F7556}") = "FreeCourse.Gateway", "FreeCourse.Gateway\FreeCourse.Gateway.csproj", "{83A82AC4-97CF-47B4-B538-D8A3C43AEF94}"
EndProject
Project("{2150E333-8FDC-42A3-9474-1A3956D46DE8}") = "Frontends", "Frontends", "{AC274CC1-C323-4D8F-9E88-D81A195B3FE5}"
EndProject
Project("{FAE04EC0-301F-11D3-BF4B-00C04F79EFBC}") = "FreeCourse.Web", "Frontends\FreeCourse.Web\FreeCourse.Web.csproj", "{3B313B95-F745-42DB-AD21-08B2B4D5FBC5}"
EndProject
Global
	GlobalSection(SolutionConfigurationPlatforms) = preSolution
		Debug|Any CPU = Debug|Any CPU
		Release|Any CPU = Release|Any CPU
	EndGlobalSection
	GlobalSection(ProjectConfigurationPlatforms) = postSolution
		{787B1181-59F9-4844-AC39-B6B3310ECF21}.Debug|Any CPU.ActiveCfg = Debug|Any CPU
		{787B1181-59F9-4844-AC39-B6B3310ECF21}.Debug|Any CPU.Build.0 = Debug|Any CPU
		{787B1181-59F9-4844-AC39-B6B3310ECF21}.Release|Any CPU.ActiveCfg = Release|Any CPU
		{787B1181-59F9-4844-AC39-B6B3310ECF21}.Release|Any CPU.Build.0 = Release|Any CPU
		{9E5EF3A2-404B-425B-9D4C-A29153F498D9}.Debug|Any CPU.ActiveCfg = Debug|Any CPU
		{9E5EF3A2-404B-425B-9D4C-A29153F498D9}.Debug|Any CPU.Build.0 = Debug|Any CPU
		{9E5EF3A2-404B-425B-9D4C-A29153F498D9}.Release|Any CPU.ActiveCfg = Release|Any CPU
		{9E5EF3A2-404B-425B-9D4C-A29153F498D9}.Release|Any CPU.Build.0 = Release|Any CPU
		{C56B734F-7D51-4C7C-8FE8-66D574C35E43}.Debug|Any CPU.ActiveCfg = Debug|Any CPU
		{C56B734F-7D51-4C7C-8FE8-66D574C35E43}.Debug|Any CPU.Build.0 = Debug|Any CPU
		{C56B734F-7D51-4C7C-8FE8-66D574C35E43}.Release|Any CPU.ActiveCfg = Release|Any CPU
		{C56B734F-7D51-4C7C-8FE8-66D574C35E43}.Release|Any CPU.Build.0 = Release|Any CPU
		{65F07B52-653A-4CC1-BEA2-2E561531919F}.Debug|Any CPU.ActiveCfg = Debug|Any CPU
		{65F07B52-653A-4CC1-BEA2-2E561531919F}.Debug|Any CPU.Build.0 = Debug|Any CPU
		{65F07B52-653A-4CC1-BEA2-2E561531919F}.Release|Any CPU.ActiveCfg = Release|Any CPU
		{65F07B52-653A-4CC1-BEA2-2E561531919F}.Release|Any CPU.Build.0 = Release|Any CPU
		{3AE674A7-994E-4574-A9A1-DEC486324B8F}.Debug|Any CPU.ActiveCfg = Debug|Any CPU
		{3AE674A7-994E-4574-A9A1-DEC486324B8F}.Debug|Any CPU.Build.0 = Debug|Any CPU
		{3AE674A7-994E-4574-A9A1-DEC486324B8F}.Release|Any CPU.ActiveCfg = Release|Any CPU
		{3AE674A7-994E-4574-A9A1-DEC486324B8F}.Release|Any CPU.Build.0 = Release|Any CPU
		{E93DBC43-D250-447F-8CD2-6415F9E3F46A}.Debug|Any CPU.ActiveCfg = Debug|Any CPU
		{E93DBC43-D250-447F-8CD2-6415F9E3F46A}.Debug|Any CPU.Build.0 = Debug|Any CPU
		{E93DBC43-D250-447F-8CD2-6415F9E3F46A}.Release|Any CPU.ActiveCfg = Release|Any CPU
		{E93DBC43-D250-447F-8CD2-6415F9E3F46A}.Release|Any CPU.Build.0 = Release|Any CPU
		{79219BDF-BDE4-4D35-88BD-87FFD8F06F38}.Debug|Any CPU.ActiveCfg = Debug|Any CPU
		{79219BDF-BDE4-4D35-88BD-87FFD8F06F38}.Debug|Any CPU.Build.0 = Debug|Any CPU
		{79219BDF-BDE4-4D35-88BD-87FFD8F06F38}.Release|Any CPU.ActiveCfg = Release|Any CPU
		{79219BDF-BDE4-4D35-88BD-87FFD8F06F38}.Release|Any CPU.Build.0 = Release|Any CPU
		{1EED35B1-C4FA-49A4-9D37-D2B6D20EF195}.Debug|Any CPU.ActiveCfg = Debug|Any CPU
		{1EED35B1-C4FA-49A4-9D37-D2B6D20EF195}.Debug|Any CPU.Build.0 = Debug|Any CPU
		{1EED35B1-C4FA-49A4-9D37-D2B6D20EF195}.Release|Any CPU.ActiveCfg = Release|Any CPU
		{1EED35B1-C4FA-49A4-9D37-D2B6D20EF195}.Release|Any CPU.Build.0 = Release|Any CPU
		{81C93EE8-8A0C-4C3A-8DDE-CC1C89D70CA3}.Debug|Any CPU.ActiveCfg = Debug|Any CPU
		{81C93EE8-8A0C-4C3A-8DDE-CC1C89D70CA3}.Debug|Any CPU.Build.0 = Debug|Any CPU
		{81C93EE8-8A0C-4C3A-8DDE-CC1C89D70CA3}.Release|Any CPU.ActiveCfg = Release|Any CPU
		{81C93EE8-8A0C-4C3A-8DDE-CC1C89D70CA3}.Release|Any CPU.Build.0 = Release|Any CPU
		{107BFC44-F5E7-48A6-A72D-586F0FBE67F3}.Debug|Any CPU.ActiveCfg = Debug|Any CPU
		{107BFC44-F5E7-48A6-A72D-586F0FBE67F3}.Debug|Any CPU.Build.0 = Debug|Any CPU
		{107BFC44-F5E7-48A6-A72D-586F0FBE67F3}.Release|Any CPU.ActiveCfg = Release|Any CPU
		{107BFC44-F5E7-48A6-A72D-586F0FBE67F3}.Release|Any CPU.Build.0 = Release|Any CPU
		{AFF991EC-24C2-4DEB-B5C2-1F0226799A94}.Debug|Any CPU.ActiveCfg = Debug|Any CPU
		{AFF991EC-24C2-4DEB-B5C2-1F0226799A94}.Debug|Any CPU.Build.0 = Debug|Any CPU
		{AFF991EC-24C2-4DEB-B5C2-1F0226799A94}.Release|Any CPU.ActiveCfg = Release|Any CPU
		{AFF991EC-24C2-4DEB-B5C2-1F0226799A94}.Release|Any CPU.Build.0 = Release|Any CPU
		{8D3C75A9-7510-452E-AC89-C238410A461A}.Debug|Any CPU.ActiveCfg = Debug|Any CPU
		{8D3C75A9-7510-452E-AC89-C238410A461A}.Debug|Any CPU.Build.0 = Debug|Any CPU
		{8D3C75A9-7510-452E-AC89-C238410A461A}.Release|Any CPU.ActiveCfg = Release|Any CPU
		{8D3C75A9-7510-452E-AC89-C238410A461A}.Release|Any CPU.Build.0 = Release|Any CPU
		{83A82AC4-97CF-47B4-B538-D8A3C43AEF94}.Debug|Any CPU.ActiveCfg = Debug|Any CPU
		{83A82AC4-97CF-47B4-B538-D8A3C43AEF94}.Debug|Any CPU.Build.0 = Debug|Any CPU
		{83A82AC4-97CF-47B4-B538-D8A3C43AEF94}.Release|Any CPU.ActiveCfg = Release|Any CPU
		{83A82AC4-97CF-47B4-B538-D8A3C43AEF94}.Release|Any CPU.Build.0 = Release|Any CPU
		{3B313B95-F745-42DB-AD21-08B2B4D5FBC5}.Debug|Any CPU.ActiveCfg = Debug|Any CPU
		{3B313B95-F745-42DB-AD21-08B2B4D5FBC5}.Debug|Any CPU.Build.0 = Debug|Any CPU
		{3B313B95-F745-42DB-AD21-08B2B4D5FBC5}.Release|Any CPU.ActiveCfg = Release|Any CPU
		{3B313B95-F745-42DB-AD21-08B2B4D5FBC5}.Release|Any CPU.Build.0 = Release|Any CPU
	EndGlobalSection
	GlobalSection(SolutionProperties) = preSolution
		HideSolutionNode = FALSE
	EndGlobalSection
	GlobalSection(NestedProjects) = preSolution
		{FF46106A-946E-4691-AE16-B8B15E43F4EF} = {DB771D01-E2BD-4A5D-B482-3CA16172A923}
		{787B1181-59F9-4844-AC39-B6B3310ECF21} = {FF46106A-946E-4691-AE16-B8B15E43F4EF}
		{9E5EF3A2-404B-425B-9D4C-A29153F498D9} = {9BEEB69C-2AFD-43EF-A300-5FED76D6CD64}
		{C56B734F-7D51-4C7C-8FE8-66D574C35E43} = {94703F6B-9713-4004-A322-2BC53E771459}
		{0F5BF671-C16D-4542-8688-B9BF967F0EB0} = {DB771D01-E2BD-4A5D-B482-3CA16172A923}
		{65F07B52-653A-4CC1-BEA2-2E561531919F} = {0F5BF671-C16D-4542-8688-B9BF967F0EB0}
		{DC625793-76D4-4BB1-AA9E-C7C860FEA74B} = {DB771D01-E2BD-4A5D-B482-3CA16172A923}
		{3AE674A7-994E-4574-A9A1-DEC486324B8F} = {DC625793-76D4-4BB1-AA9E-C7C860FEA74B}
		{6D4E6FA1-D339-4BC5-96A7-ADD5ECB6828B} = {DB771D01-E2BD-4A5D-B482-3CA16172A923}
		{E93DBC43-D250-447F-8CD2-6415F9E3F46A} = {6D4E6FA1-D339-4BC5-96A7-ADD5ECB6828B}
		{AC68C80C-7BEB-4A66-8C8D-30984880FAD0} = {DB771D01-E2BD-4A5D-B482-3CA16172A923}
		{79219BDF-BDE4-4D35-88BD-87FFD8F06F38} = {AC68C80C-7BEB-4A66-8C8D-30984880FAD0}
		{1EED35B1-C4FA-49A4-9D37-D2B6D20EF195} = {AC68C80C-7BEB-4A66-8C8D-30984880FAD0}
		{81C93EE8-8A0C-4C3A-8DDE-CC1C89D70CA3} = {AC68C80C-7BEB-4A66-8C8D-30984880FAD0}
		{107BFC44-F5E7-48A6-A72D-586F0FBE67F3} = {AC68C80C-7BEB-4A66-8C8D-30984880FAD0}
		{AFF991EC-24C2-4DEB-B5C2-1F0226799A94} = {AC68C80C-7BEB-4A66-8C8D-30984880FAD0}
		{EAC587AB-0241-41E3-84BC-960572BBD935} = {DB771D01-E2BD-4A5D-B482-3CA16172A923}
		{8D3C75A9-7510-452E-AC89-C238410A461A} = {EAC587AB-0241-41E3-84BC-960572BBD935}
		{83A82AC4-97CF-47B4-B538-D8A3C43AEF94} = {2448F6D5-70E4-45A0-AECF-705FAC407FAF}
		{3B313B95-F745-42DB-AD21-08B2B4D5FBC5} = {AC274CC1-C323-4D8F-9E88-D81A195B3FE5}
	EndGlobalSection
	GlobalSection(ExtensibilityGlobals) = postSolution
		SolutionGuid = {3267687D-F4A3-4641-A1CA-E395FD3D4DCF}
	EndGlobalSection
EndGlobal
